{
  "lockfileVersion": 1,
  "configVersion": 1,
  "workspaces": {
    "": {
      "name": "eros-oracle",
    },
    "packages/feedspec": {
      "name": "@eros-oracle/feedspec",
      "version": "0.1.0",
    },
  },
  "packages": {
    "@eros-oracle/feedspec": ["@eros-oracle/feedspec@workspace:packages/feedspec"],
  }
}
